
Microsoft Visual Studio Solution File, Format Version 12.00
# Visual Studio 15
VisualStudioVersion = 15.0.28307.1259
MinimumVisualStudioVersion = 10.0.40219.1
Project("{FAE04EC0-301F-11D3-BF4B-00C04F79EFBC}") = "TimeAide.PRPortal", "TimeAideWeb\TimeAide.PRPortal.csproj", "{04002559-7A96-416C-8791-97E502E609F9}"
	ProjectSection(ProjectDependencies) = postProject
		{BC0AF7D8-EF57-44AB-8D30-4CF0686B3B96} = {BC0AF7D8-EF57-44AB-8D30-4CF0686B3B96}
	EndProjectSection
EndProject
Project("{FAE04EC0-301F-11D3-BF4B-00C04F79EFBC}") = "TimeAide.Models", "TimeAide.Models\TimeAide.Models.csproj", "{1034BEBB-392C-43B7-9202-26CD020F6371}"
EndProject
Project("{FAE04EC0-301F-11D3-BF4B-00C04F79EFBC}") = "TimeAide.Common", "TimeAide.Common\TimeAide.Common.csproj", "{06FFCF32-D708-4F53-B904-CFCEDA4A0476}"
EndProject
Project("{FAE04EC0-301F-11D3-BF4B-00C04F79EFBC}") = "TimeAide.Data", "TimeAide.Data\TimeAide.Data.csproj", "{1B4FC183-A874-4966-AEB2-1A5293F97030}"
EndProject
Project("{FAE04EC0-301F-11D3-BF4B-00C04F79EFBC}") = "TimeAide.Reports", "TimeAide.Reports\TimeAide.Reports.csproj", "{BC0AF7D8-EF57-44AB-8D30-4CF0686B3B96}"
	ProjectSection(ProjectDependencies) = postProject
		{06FFCF32-D708-4F53-B904-CFCEDA4A0476} = {06FFCF32-D708-4F53-B904-CFCEDA4A0476}
		{1B4FC183-A874-4966-AEB2-1A5293F97030} = {1B4FC183-A874-4966-AEB2-1A5293F97030}
		{1034BEBB-392C-43B7-9202-26CD020F6371} = {1034BEBB-392C-43B7-9202-26CD020F6371}
	EndProjectSection
EndProject
Global
	GlobalSection(SolutionConfigurationPlatforms) = preSolution
		Debug|Any CPU = Debug|Any CPU
		DebugLocal|Any CPU = DebugLocal|Any CPU
		Release|Any CPU = Release|Any CPU
	EndGlobalSection
	GlobalSection(ProjectConfigurationPlatforms) = postSolution
		{04002559-7A96-416C-8791-97E502E609F9}.Debug|Any CPU.ActiveCfg = Debug|Any CPU
		{04002559-7A96-416C-8791-97E502E609F9}.Debug|Any CPU.Build.0 = Debug|Any CPU
		{04002559-7A96-416C-8791-97E502E609F9}.DebugLocal|Any CPU.ActiveCfg = Debug|Any CPU
		{04002559-7A96-416C-8791-97E502E609F9}.DebugLocal|Any CPU.Build.0 = Debug|Any CPU
		{04002559-7A96-416C-8791-97E502E609F9}.Release|Any CPU.ActiveCfg = Debug|Any CPU
		{04002559-7A96-416C-8791-97E502E609F9}.Release|Any CPU.Build.0 = Debug|Any CPU
		{1034BEBB-392C-43B7-9202-26CD020F6371}.Debug|Any CPU.ActiveCfg = Debug|Any CPU
		{1034BEBB-392C-43B7-9202-26CD020F6371}.Debug|Any CPU.Build.0 = Debug|Any CPU
		{1034BEBB-392C-43B7-9202-26CD020F6371}.DebugLocal|Any CPU.ActiveCfg = Debug|Any CPU
		{1034BEBB-392C-43B7-9202-26CD020F6371}.DebugLocal|Any CPU.Build.0 = Debug|Any CPU
		{1034BEBB-392C-43B7-9202-26CD020F6371}.Release|Any CPU.ActiveCfg = Debug|Any CPU
		{1034BEBB-392C-43B7-9202-26CD020F6371}.Release|Any CPU.Build.0 = Debug|Any CPU
		{06FFCF32-D708-4F53-B904-CFCEDA4A0476}.Debug|Any CPU.ActiveCfg = Debug|Any CPU
		{06FFCF32-D708-4F53-B904-CFCEDA4A0476}.Debug|Any CPU.Build.0 = Debug|Any CPU
		{06FFCF32-D708-4F53-B904-CFCEDA4A0476}.DebugLocal|Any CPU.ActiveCfg = Debug|Any CPU
		{06FFCF32-D708-4F53-B904-CFCEDA4A0476}.DebugLocal|Any CPU.Build.0 = Debug|Any CPU
		{06FFCF32-D708-4F53-B904-CFCEDA4A0476}.Release|Any CPU.ActiveCfg = Debug|Any CPU
		{06FFCF32-D708-4F53-B904-CFCEDA4A0476}.Release|Any CPU.Build.0 = Debug|Any CPU
		{1B4FC183-A874-4966-AEB2-1A5293F97030}.Debug|Any CPU.ActiveCfg = Debug|Any CPU
		{1B4FC183-A874-4966-AEB2-1A5293F97030}.Debug|Any CPU.Build.0 = Debug|Any CPU
		{1B4FC183-A874-4966-AEB2-1A5293F97030}.DebugLocal|Any CPU.ActiveCfg = Debug|Any CPU
		{1B4FC183-A874-4966-AEB2-1A5293F97030}.DebugLocal|Any CPU.Build.0 = Debug|Any CPU
		{1B4FC183-A874-4966-AEB2-1A5293F97030}.Release|Any CPU.ActiveCfg = Debug|Any CPU
		{1B4FC183-A874-4966-AEB2-1A5293F97030}.Release|Any CPU.Build.0 = Debug|Any CPU
		{BC0AF7D8-EF57-44AB-8D30-4CF0686B3B96}.Debug|Any CPU.ActiveCfg = Debug|Any CPU
		{BC0AF7D8-EF57-44AB-8D30-4CF0686B3B96}.Debug|Any CPU.Build.0 = Debug|Any CPU
		{BC0AF7D8-EF57-44AB-8D30-4CF0686B3B96}.DebugLocal|Any CPU.ActiveCfg = Debug|Any CPU
		{BC0AF7D8-EF57-44AB-8D30-4CF0686B3B96}.DebugLocal|Any CPU.Build.0 = Debug|Any CPU
		{BC0AF7D8-EF57-44AB-8D30-4CF0686B3B96}.Release|Any CPU.ActiveCfg = Release|Any CPU
		{BC0AF7D8-EF57-44AB-8D30-4CF0686B3B96}.Release|Any CPU.Build.0 = Release|Any CPU
	EndGlobalSection
	GlobalSection(SolutionProperties) = preSolution
		HideSolutionNode = FALSE
	EndGlobalSection
	GlobalSection(ExtensibilityGlobals) = postSolution
		SolutionGuid = {C63454D2-7D12-44D0-9E06-09F5C7F47FCD}
	EndGlobalSection
EndGlobal
